# THIS IS AN AUTOGENERATED FILE. DO NOT EDIT THIS FILE DIRECTLY.
# yarn lockfile v1
asap@~2.0.3:
  version "2.0.5"
  resolved "https://registry.yarnpkg.com/asap/-/asap-2.0.5.tgz#522765b50c3510490e52d7dcfe085ef9ba96958f"

babel-runtime@^6.11.6:
  version "6.11.6"
  resolved "https://registry.yarnpkg.com/babel-runtime/-/babel-runtime-6.11.6.tgz#6db707fef2d49c49bfa3cb64efdb436b518b8222"
  dependencies:
    core-js "^2.4.0"
    regenerator-runtime "^0.9.5"

bowser@^1.0.0:
  version "1.4.6"
  resolved "https://registry.yarnpkg.com/bowser/-/bowser-1.4.6.tgz#2be801851089a165d504f417ea6ddcacf774af43"

change-emitter@^0.1.2:
  version "0.1.2"
  resolved "https://registry.yarnpkg.com/change-emitter/-/change-emitter-0.1.2.tgz#6b88ca4d5d864e516f913421b11899a860aee8db"

core-js@^1.0.0:
  version "1.2.7"
  resolved "https://registry.yarnpkg.com/core-js/-/core-js-1.2.7.tgz#652294c14651db28fa93bd2d5ff2983a4f08c636"

core-js@^2.4.0:
  version "2.4.1"
  resolved "https://registry.yarnpkg.com/core-js/-/core-js-2.4.1.tgz#4de911e667b0eae9124e34254b53aea6fc618d3e"

deep-equal@^1.0.0:
  version "1.0.1"
  resolved "https://registry.yarnpkg.com/deep-equal/-/deep-equal-1.0.1.tgz#f5d260292b660e084eff4cdbc9f08ad3247448b5"

encoding@^0.1.11:
  version "0.1.12"
  resolved "https://registry.yarnpkg.com/encoding/-/encoding-0.1.12.tgz#538b66f3ee62cd1ab51ec323829d1f9480c74beb"
  dependencies:
    iconv-lite "~0.4.13"

fbjs@^0.2.1:
  version "0.2.1"
  resolved "https://registry.yarnpkg.com/fbjs/-/fbjs-0.2.1.tgz#622061630a43e11f845017b9044aaa648ed3f731"
  dependencies:
    core-js "^1.0.0"
    promise "^7.0.3"
    whatwg-fetch "^0.9.0"

fbjs@^0.8.1, fbjs@^0.8.4:
  version "0.8.5"
  resolved "https://registry.yarnpkg.com/fbjs/-/fbjs-0.8.5.tgz#f69ba8a876096cb1b9bffe4d7c1e71c19d39d008"
  dependencies:
    core-js "^1.0.0"
    immutable "^3.7.6"
    isomorphic-fetch "^2.1.1"
    loose-envify "^1.0.0"
    object-assign "^4.1.0"
    promise "^7.1.1"
    ua-parser-js "^0.7.9"

history@^2.1.2:
  version "2.1.2"
  resolved "https://registry.yarnpkg.com/history/-/history-2.1.2.tgz#4aa2de897a0e4867e4539843be6ecdb2986bfdec"
  dependencies:
    deep-equal "^1.0.0"
    invariant "^2.0.0"
    query-string "^3.0.0"
    warning "^2.0.0"

hoist-non-react-statics@^1.0.0, hoist-non-react-statics@^1.2.0:
  version "1.2.0"
  resolved "https://registry.yarnpkg.com/hoist-non-react-statics/-/hoist-non-react-statics-1.2.0.tgz#aa448cf0986d55cc40773b17174b7dd066cb7cfb"

hyphenate-style-name@^1.0.1:
  version "1.0.1"
  resolved "https://registry.yarnpkg.com/hyphenate-style-name/-/hyphenate-style-name-1.0.1.tgz#bc49b9446e02b4570641afdd29c1ce7609d1b9cc"

iconv-lite@~0.4.13:
  version "0.4.13"
  resolved "https://registry.yarnpkg.com/iconv-lite/-/iconv-lite-0.4.13.tgz#1f88aba4ab0b1508e8312acc39345f36e992e2f2"

immutable@^3.7.6:
  version "3.8.1"
  resolved "https://registry.yarnpkg.com/immutable/-/immutable-3.8.1.tgz#200807f11ab0f72710ea485542de088075f68cd2"

inline-style-prefixer@^2.0.1:
  version "2.0.4"
  resolved "https://registry.yarnpkg.com/inline-style-prefixer/-/inline-style-prefixer-2.0.4.tgz#3134989ee8723e141161726e0eaaec7db36b413f"
  dependencies:
    bowser "^1.0.0"
    hyphenate-style-name "^1.0.1"

invariant@^2.0.0, invariant@^2.2.1:
  version "2.2.1"
  resolved "https://registry.yarnpkg.com/invariant/-/invariant-2.2.1.tgz#b097010547668c7e337028ebe816ebe36c8a8d54"
  dependencies:
    loose-envify "^1.0.0"

is-stream@^1.0.1:
  version "1.1.0"
  resolved "https://registry.yarnpkg.com/is-stream/-/is-stream-1.1.0.tgz#12d4a3dd4e68e0b79ceb8dbc84173ae80d91ca44"

isomorphic-fetch@^2.1.1:
  version "2.2.1"
  resolved "https://registry.yarnpkg.com/isomorphic-fetch/-/isomorphic-fetch-2.2.1.tgz#611ae1acf14f5e81f729507472819fe9733558a9"
  dependencies:
    node-fetch "^1.0.1"
    whatwg-fetch ">=0.10.0"

js-tokens@^1.0.1:
  version "1.0.3"
  resolved "https://registry.yarnpkg.com/js-tokens/-/js-tokens-1.0.3.tgz#14e56eb68c8f1a92c43d59f5014ec29dc20f2ae1"

keycode@^2.1.1:
  version "2.1.7"
  resolved "https://registry.yarnpkg.com/keycode/-/keycode-2.1.7.tgz#7b9255919f6cff562b09a064d222dca70b020f5c"

lodash.merge@^4.6.0:
  version "4.6.0"
  resolved "https://registry.yarnpkg.com/lodash.merge/-/lodash.merge-4.6.0.tgz#69884ba144ac33fe699737a6086deffadd0f89c5"

lodash.throttle@^4.1.1:
  version "4.1.1"
  resolved "https://registry.yarnpkg.com/lodash.throttle/-/lodash.throttle-4.1.1.tgz#c23e91b710242ac70c37f1e1cda9274cc39bf2f4"

loose-envify@^1.0.0, loose-envify@^1.1.0, loose-envify@^1.2.0:
  version "1.2.0"
  resolved "https://registry.yarnpkg.com/loose-envify/-/loose-envify-1.2.0.tgz#69a65aad3de542cf4ee0f4fe74e8e33c709ccb0f"
  dependencies:
    js-tokens "^1.0.1"

material-ui:
  version "0.16.0"
  resolved "https://registry.yarnpkg.com/material-ui/-/material-ui-0.16.0.tgz#58ef44eddfb3143bb4feade341928516dc8df34a"
  dependencies:
    babel-runtime "^6.11.6"
    inline-style-prefixer "^2.0.1"
    keycode "^2.1.1"
    lodash.merge "^4.6.0"
    lodash.throttle "^4.1.1"
    react-addons-create-fragment "^15.0.0"
    react-addons-transition-group "^15.0.0"
    react-event-listener "^0.3.0"
    recompose "^0.20.2"
    simple-assign "^0.1.0"
    warning "^3.0.0"

node-fetch@^1.0.1:
  version "1.6.3"
  resolved "https://registry.yarnpkg.com/node-fetch/-/node-fetch-1.6.3.tgz#dc234edd6489982d58e8f0db4f695029abcd8c04"
  dependencies:
    encoding "^0.1.11"
    is-stream "^1.0.1"

object-assign@^4.1.0:
  version "4.1.0"
  resolved "https://registry.yarnpkg.com/object-assign/-/object-assign-4.1.0.tgz#7a3b3d0e98063d43f4c03f2e8ae6cd51a86883a0"

promise@^7.0.3, promise@^7.1.1:
  version "7.1.1"
  resolved "https://registry.yarnpkg.com/promise/-/promise-7.1.1.tgz#489654c692616b8aa55b0724fa809bb7db49c5bf"
  dependencies:
    asap "~2.0.3"

query-string@^3.0.0:
  version "3.0.3"
  resolved "https://registry.yarnpkg.com/query-string/-/query-string-3.0.3.tgz#ae2e14b4d05071d4e9b9eb4873c35b0dcd42e638"
  dependencies:
    strict-uri-encode "^1.0.0"

react:
  version "15.3.2"
  resolved "https://registry.yarnpkg.com/react/-/react-15.3.2.tgz#a7bccd2fee8af126b0317e222c28d1d54528d09e"
  dependencies:
    fbjs "^0.8.4"
    loose-envify "^1.1.0"
    object-assign "^4.1.0"

react-addons-create-fragment@^15.0.0:
  version "15.3.2"
  resolved "https://registry.yarnpkg.com/react-addons-create-fragment/-/react-addons-create-fragment-15.3.2.tgz#0e589c8c7add0e5db5db48367b5167cbed9c5852"

"react-addons-shallow-compare@^0.14.0 || ^15.0.0":
  version "15.3.2"
  resolved "https://registry.yarnpkg.com/react-addons-shallow-compare/-/react-addons-shallow-compare-15.3.2.tgz#c9edba49b9eab44d0c59024d289beb1ab97318b5"

react-addons-transition-group@^15.0.0:
  version "15.3.2"
  resolved "https://registry.yarnpkg.com/react-addons-transition-group/-/react-addons-transition-group-15.3.2.tgz#64f758d18bd1e59128726b1c9a4db79127c4f1ed"

react-dom:
  version "15.3.2"
  resolved "https://registry.yarnpkg.com/react-dom/-/react-dom-15.3.2.tgz#c46b0aa5380d7b838e7a59c4a7beff2ed315531f"

react-event-listener@^0.3.0:
  version "0.3.1"
  resolved "https://registry.yarnpkg.com/react-event-listener/-/react-event-listener-0.3.1.tgz#6994a35429d6eaaef19f8d0a0d34a20590ad290d"
  dependencies:
    react-addons-shallow-compare "^0.14.0 || ^15.0.0"

react-router:
  version "2.8.1"
  resolved "https://registry.yarnpkg.com/react-router/-/react-router-2.8.1.tgz#73e9491f6ceb316d0f779829081863e378ee4ed7"
  dependencies:
    history "^2.1.2"
    hoist-non-react-statics "^1.2.0"
    invariant "^2.2.1"
    loose-envify "^1.2.0"
    warning "^3.0.0"

react-tap-event-plugin:
  version "1.0.0"
  resolved "https://registry.yarnpkg.com/react-tap-event-plugin/-/react-tap-event-plugin-1.0.0.tgz#7a248505a9e9abecc352b2dab313d17685c51adf"
  dependencies:
    fbjs "^0.2.1"

recompose@^0.20.2:
  version "0.20.2"
  resolved "https://registry.yarnpkg.com/recompose/-/recompose-0.20.2.tgz#113d6ac7e29ca664cfffec16b681ddddf15250bc"
  dependencies:
    change-emitter "^0.1.2"
    fbjs "^0.8.1"
    hoist-non-react-statics "^1.0.0"
    symbol-observable "^0.2.4"

regenerator-runtime@^0.9.5:
  version "0.9.5"
  resolved "https://registry.yarnpkg.com/regenerator-runtime/-/regenerator-runtime-0.9.5.tgz#403d6d40a4bdff9c330dd9392dcbb2d9a8bba1fc"

simple-assign@^0.1.0:
  version "0.1.0"
  resolved "https://registry.yarnpkg.com/simple-assign/-/simple-assign-0.1.0.tgz#17fd3066a5f3d7738f50321bb0f14ca281cc4baa"

strict-uri-encode@^1.0.0:
  version "1.1.0"
  resolved "https://registry.yarnpkg.com/strict-uri-encode/-/strict-uri-encode-1.1.0.tgz#279b225df1d582b1f54e65addd4352e18faa0713"

symbol-observable@^0.2.4:
  version "0.2.4"
  resolved "https://registry.yarnpkg.com/symbol-observable/-/symbol-observable-0.2.4.tgz#95a83db26186d6af7e7a18dbd9760a2f86d08f40"

ua-parser-js@^0.7.9:
  version "0.7.10"
  resolved "https://registry.yarnpkg.com/ua-parser-js/-/ua-parser-js-0.7.10.tgz#917559ddcce07cbc09ece7d80495e4c268f4ef9f"

warning@^2.0.0:
  version "2.1.0"
  resolved "https://registry.yarnpkg.com/warning/-/warning-2.1.0.tgz#21220d9c63afc77a8c92111e011af705ce0c6901"
  dependencies:
    loose-envify "^1.0.0"

warning@^3.0.0:
  version "3.0.0"
  resolved "https://registry.yarnpkg.com/warning/-/warning-3.0.0.tgz#32e5377cb572de4ab04753bdf8821c01ed605b7c"
  dependencies:
    loose-envify "^1.0.0"

whatwg-fetch@^0.9.0:
  version "0.9.0"
  resolved "https://registry.yarnpkg.com/whatwg-fetch/-/whatwg-fetch-0.9.0.tgz#0e3684c6cb9995b43efc9df03e4c365d95fd9cc0"

whatwg-fetch@>=0.10.0:
  version "1.0.0"
  resolved "https://registry.yarnpkg.com/whatwg-fetch/-/whatwg-fetch-1.0.0.tgz#01c2ac4df40e236aaa18480e3be74bd5c8eb798e"

